
Microsoft Visual Studio Solution File, Format Version 12.00
# Visual Studio 15
VisualStudioVersion = 15.0.28010.2016
MinimumVisualStudioVersion = 10.0.40219.1
Project("{FAE04EC0-301F-11D3-BF4B-00C04F79EFBC}") = "List_Af_List_BankKonto_Transaction_List_OOP", "List_Af_List_BankKonto_Transaction_List_OOP.csproj", "{0E555E64-30AB-47AC-836B-CC10BF37C69F}"
EndProject
Global
	GlobalSection(SolutionConfigurationPlatforms) = preSolution
		Debug|Any CPU = Debug|Any CPU
		Release|Any CPU = Release|Any CPU
	EndGlobalSection
	GlobalSection(ProjectConfigurationPlatforms) = postSolution
		{0E555E64-30AB-47AC-836B-CC10BF37C69F}.Debug|Any CPU.ActiveCfg = Debug|Any CPU
		{0E555E64-30AB-47AC-836B-CC10BF37C69F}.Debug|Any CPU.Build.0 = Debug|Any CPU
		{0E555E64-30AB-47AC-836B-CC10BF37C69F}.Release|Any CPU.ActiveCfg = Release|Any CPU
		{0E555E64-30AB-47AC-836B-CC10BF37C69F}.Release|Any CPU.Build.0 = Release|Any CPU
	EndGlobalSection
	GlobalSection(SolutionProperties) = preSolution
		HideSolutionNode = FALSE
	EndGlobalSection
	GlobalSection(ExtensibilityGlobals) = postSolution
		SolutionGuid = {09CEA8F3-0C77-4494-B14D-5648A377E00E}
	EndGlobalSection
EndGlobal
